
Microsoft Visual Studio Solution File, Format Version 12.00
# Visual Studio Version 17
VisualStudioVersion = 17.10.34916.146
MinimumVisualStudioVersion = 10.0.40219.1
Project("{FAE04EC0-301F-11D3-BF4B-00C04F79EFBC}") = "AW23_PRRPRR01_15_Tvådimensionella-arrayer", "AW23_PRRPRR01_15_Tvådimensionella-arrayer\AW23_PRRPRR01_15_Tvådimensionella-arrayer.csproj", "{C4CCB4A0-4AB5-445C-9FC2-0A678F59C337}"
EndProject
Global
	GlobalSection(SolutionConfigurationPlatforms) = preSolution
		Debug|Any CPU = Debug|Any CPU
		Release|Any CPU = Release|Any CPU
	EndGlobalSection
	GlobalSection(ProjectConfigurationPlatforms) = postSolution
		{C4CCB4A0-4AB5-445C-9FC2-0A678F59C337}.Debug|Any CPU.ActiveCfg = Debug|Any CPU
		{C4CCB4A0-4AB5-445C-9FC2-0A678F59C337}.Debug|Any CPU.Build.0 = Debug|Any CPU
		{C4CCB4A0-4AB5-445C-9FC2-0A678F59C337}.Release|Any CPU.ActiveCfg = Release|Any CPU
		{C4CCB4A0-4AB5-445C-9FC2-0A678F59C337}.Release|Any CPU.Build.0 = Release|Any CPU
	EndGlobalSection
	GlobalSection(SolutionProperties) = preSolution
		HideSolutionNode = FALSE
	EndGlobalSection
	GlobalSection(ExtensibilityGlobals) = postSolution
		SolutionGuid = {AD870B96-5497-4F0E-9E61-DBAB932CD1A3}
	EndGlobalSection
EndGlobal
